Microsoft Visual Studio Solution File, Format Version 12.00
# Visual Studio 15
Project("{FAE04EC0-301F-11D3-BF4B-00C04F79EFBC}") = "Assembly-CSharp-firstpass", "Assembly-CSharp-firstpass.csproj", "{0E28315F-2CBE-DBD4-D4B4-CF8945B9C8A9}"
EndProject
Project("{FAE04EC0-301F-11D3-BF4B-00C04F79EFBC}") = "Assembly-CSharp", "Assembly-CSharp.csproj", "{B2416D47-788D-C579-B270-484488A6353A}"
EndProject
Global
	GlobalSection(SolutionConfigurationPlatforms) = preSolution
		Debug|Any CPU = Debug|Any CPU
		Release|Any CPU = Release|Any CPU
	EndGlobalSection
	GlobalSection(ProjectConfigurationPlatforms) = postSolution
		{0E28315F-2CBE-DBD4-D4B4-CF8945B9C8A9}.Debug|Any CPU.ActiveCfg = Debug|Any CPU
		{0E28315F-2CBE-DBD4-D4B4-CF8945B9C8A9}.Debug|Any CPU.Build.0 = Debug|Any CPU
		{0E28315F-2CBE-DBD4-D4B4-CF8945B9C8A9}.Release|Any CPU.ActiveCfg = Release|Any CPU
		{0E28315F-2CBE-DBD4-D4B4-CF8945B9C8A9}.Release|Any CPU.Build.0 = Release|Any CPU
		{B2416D47-788D-C579-B270-484488A6353A}.Debug|Any CPU.ActiveCfg = Debug|Any CPU
		{B2416D47-788D-C579-B270-484488A6353A}.Debug|Any CPU.Build.0 = Debug|Any CPU
		{B2416D47-788D-C579-B270-484488A6353A}.Release|Any CPU.ActiveCfg = Release|Any CPU
		{B2416D47-788D-C579-B270-484488A6353A}.Release|Any CPU.Build.0 = Release|Any CPU
	EndGlobalSection
	GlobalSection(SolutionProperties) = preSolution
		HideSolutionNode = FALSE
	EndGlobalSection
	GlobalSection(MonoDevelopProperties) = preSolution
		StartupItem = Assembly-CSharp.csproj
	EndGlobalSection
EndGlobal
