
Microsoft Visual Studio Solution File, Format Version 12.00
# Visual Studio 15
Project("{FAE04EC0-301F-11D3-BF4B-00C04F79EFBC}") = "Assembly-CSharp-firstpass", "Assembly-CSharp-firstpass.csproj", "{0A321DF6-6B47-CDBA-40F3-BE6053A4657D}"
EndProject
Project("{FAE04EC0-301F-11D3-BF4B-00C04F79EFBC}") = "Assembly-CSharp", "Assembly-CSharp.csproj", "{7052CE36-B216-8FA9-61AF-7180F8B8DCAC}"
EndProject
Global
	GlobalSection(SolutionConfigurationPlatforms) = preSolution
		Debug|Any CPU = Debug|Any CPU
		Release|Any CPU = Release|Any CPU
	EndGlobalSection
	GlobalSection(ProjectConfigurationPlatforms) = postSolution
		{0A321DF6-6B47-CDBA-40F3-BE6053A4657D}.Debug|Any CPU.ActiveCfg = Debug|Any CPU
		{0A321DF6-6B47-CDBA-40F3-BE6053A4657D}.Debug|Any CPU.Build.0 = Debug|Any CPU
		{0A321DF6-6B47-CDBA-40F3-BE6053A4657D}.Release|Any CPU.ActiveCfg = Release|Any CPU
		{0A321DF6-6B47-CDBA-40F3-BE6053A4657D}.Release|Any CPU.Build.0 = Release|Any CPU
		{7052CE36-B216-8FA9-61AF-7180F8B8DCAC}.Debug|Any CPU.ActiveCfg = Debug|Any CPU
		{7052CE36-B216-8FA9-61AF-7180F8B8DCAC}.Debug|Any CPU.Build.0 = Debug|Any CPU
		{7052CE36-B216-8FA9-61AF-7180F8B8DCAC}.Release|Any CPU.ActiveCfg = Release|Any CPU
		{7052CE36-B216-8FA9-61AF-7180F8B8DCAC}.Release|Any CPU.Build.0 = Release|Any CPU
	EndGlobalSection
	GlobalSection(SolutionProperties) = preSolution
		HideSolutionNode = FALSE
	EndGlobalSection
	GlobalSection(MonoDevelopProperties) = preSolution
		StartupItem = Assembly-CSharp.csproj
	EndGlobalSection
EndGlobal
